# This file is automatically @generated by Cargo.
# It is not intended for manual editing.
version = 4

[[package]]
name = "rangerkit-cli"
version = "0.1.0"
dependencies = [
 "rangerkit-core",
]

[[package]]
name = "rangerkit-core"
version = "0.1.0"

[[package]]
name = "rangerkit-spirits"
version = "0.1.0"
